
Microsoft Visual Studio Solution File, Format Version 12.00
# Visual Studio Version 17
VisualStudioVersion = 17.4.33213.308
MinimumVisualStudioVersion = 10.0.40219.1
Project("{FAE04EC0-301F-11D3-BF4B-00C04F79EFBC}") = "DotNet", "DotNet\DotNet.csproj", "{B9DD8BA6-0EB6-4B15-9842-30E9534A6A08}"
EndProject
Project("{9A19103F-16F7-4668-BE54-9A1E7A4F7556}") = "TodoApp.Models", "TodoApp.Models\TodoApp.Models.csproj", "{23EA7FDC-3F86-4419-A3EB-E1F690D604D5}"
EndProject
Project("{2150E333-8FDC-42A3-9474-1A3956D46DE8}") = "TodoApp", "TodoApp", "{6D887B82-94A8-4247-9C31-A622489E7794}"
EndProject
Project("{2150E333-8FDC-42A3-9474-1A3956D46DE8}") = "UI", "UI", "{694F6C80-6A14-4867-8173-BCDD314647DE}"
EndProject
Project("{9A19103F-16F7-4668-BE54-9A1E7A4F7556}") = "TodoApp.ConsoleApp", "TodoApp.ConsoleApp\TodoApp.ConsoleApp.csproj", "{F8B402BC-1954-429C-9276-B609B4425562}"
EndProject
Project("{9A19103F-16F7-4668-BE54-9A1E7A4F7556}") = "TodoApp.ConsoleAppFile", "TodoApp.ConsoleAppFile\TodoApp.ConsoleAppFile.csproj", "{B6261011-B3D0-4F0E-9549-D8F62A0AD5D4}"
EndProject
Project("{9A19103F-16F7-4668-BE54-9A1E7A4F7556}") = "TodoApp.WinFormsApp", "TodoApp.WinFormsApp\TodoApp.WinFormsApp.csproj", "{41789672-3A47-432E-9AAC-13FB88BCFD1D}"
EndProject
Project("{2150E333-8FDC-42A3-9474-1A3956D46DE8}") = "API", "API", "{4F9C83B9-0653-4AD0-A6A1-9351287DD59A}"
EndProject
Project("{9A19103F-16F7-4668-BE54-9A1E7A4F7556}") = "TodoApp.Apis", "TodoApp.Apis\TodoApp.Apis.csproj", "{25045088-B25D-4895-860A-A5D33AEB6711}"
EndProject
Project("{9A19103F-16F7-4668-BE54-9A1E7A4F7556}") = "TodoApp.Apis.Tests.ConsoleApp", "TodoApp.Apis.Tests.ConsoleApp\TodoApp.Apis.Tests.ConsoleApp.csproj", "{E31F7D38-6733-4617-8D38-8813DDE4DFC4}"
EndProject
Project("{FAE04EC0-301F-11D3-BF4B-00C04F79EFBC}") = "TodoApp.WebApplication", "TodoApp.WebApplication\TodoApp.WebApplication.csproj", "{8247FDF5-32B0-40B9-97ED-EDD5CCC0DC20}"
EndProject
Global
	GlobalSection(SolutionConfigurationPlatforms) = preSolution
		Debug|Any CPU = Debug|Any CPU
		Release|Any CPU = Release|Any CPU
	EndGlobalSection
	GlobalSection(ProjectConfigurationPlatforms) = postSolution
		{B9DD8BA6-0EB6-4B15-9842-30E9534A6A08}.Debug|Any CPU.ActiveCfg = Debug|Any CPU
		{B9DD8BA6-0EB6-4B15-9842-30E9534A6A08}.Debug|Any CPU.Build.0 = Debug|Any CPU
		{B9DD8BA6-0EB6-4B15-9842-30E9534A6A08}.Release|Any CPU.ActiveCfg = Release|Any CPU
		{B9DD8BA6-0EB6-4B15-9842-30E9534A6A08}.Release|Any CPU.Build.0 = Release|Any CPU
		{23EA7FDC-3F86-4419-A3EB-E1F690D604D5}.Debug|Any CPU.ActiveCfg = Debug|Any CPU
		{23EA7FDC-3F86-4419-A3EB-E1F690D604D5}.Debug|Any CPU.Build.0 = Debug|Any CPU
		{23EA7FDC-3F86-4419-A3EB-E1F690D604D5}.Release|Any CPU.ActiveCfg = Release|Any CPU
		{23EA7FDC-3F86-4419-A3EB-E1F690D604D5}.Release|Any CPU.Build.0 = Release|Any CPU
		{F8B402BC-1954-429C-9276-B609B4425562}.Debug|Any CPU.ActiveCfg = Debug|Any CPU
		{F8B402BC-1954-429C-9276-B609B4425562}.Debug|Any CPU.Build.0 = Debug|Any CPU
		{F8B402BC-1954-429C-9276-B609B4425562}.Release|Any CPU.ActiveCfg = Release|Any CPU
		{F8B402BC-1954-429C-9276-B609B4425562}.Release|Any CPU.Build.0 = Release|Any CPU
		{B6261011-B3D0-4F0E-9549-D8F62A0AD5D4}.Debug|Any CPU.ActiveCfg = Debug|Any CPU
		{B6261011-B3D0-4F0E-9549-D8F62A0AD5D4}.Debug|Any CPU.Build.0 = Debug|Any CPU
		{B6261011-B3D0-4F0E-9549-D8F62A0AD5D4}.Release|Any CPU.ActiveCfg = Release|Any CPU
		{B6261011-B3D0-4F0E-9549-D8F62A0AD5D4}.Release|Any CPU.Build.0 = Release|Any CPU
		{41789672-3A47-432E-9AAC-13FB88BCFD1D}.Debug|Any CPU.ActiveCfg = Debug|Any CPU
		{41789672-3A47-432E-9AAC-13FB88BCFD1D}.Debug|Any CPU.Build.0 = Debug|Any CPU
		{41789672-3A47-432E-9AAC-13FB88BCFD1D}.Release|Any CPU.ActiveCfg = Release|Any CPU
		{41789672-3A47-432E-9AAC-13FB88BCFD1D}.Release|Any CPU.Build.0 = Release|Any CPU
		{25045088-B25D-4895-860A-A5D33AEB6711}.Debug|Any CPU.ActiveCfg = Debug|Any CPU
		{25045088-B25D-4895-860A-A5D33AEB6711}.Debug|Any CPU.Build.0 = Debug|Any CPU
		{25045088-B25D-4895-860A-A5D33AEB6711}.Release|Any CPU.ActiveCfg = Release|Any CPU
		{25045088-B25D-4895-860A-A5D33AEB6711}.Release|Any CPU.Build.0 = Release|Any CPU
		{E31F7D38-6733-4617-8D38-8813DDE4DFC4}.Debug|Any CPU.ActiveCfg = Debug|Any CPU
		{E31F7D38-6733-4617-8D38-8813DDE4DFC4}.Debug|Any CPU.Build.0 = Debug|Any CPU
		{E31F7D38-6733-4617-8D38-8813DDE4DFC4}.Release|Any CPU.ActiveCfg = Release|Any CPU
		{E31F7D38-6733-4617-8D38-8813DDE4DFC4}.Release|Any CPU.Build.0 = Release|Any CPU
		{8247FDF5-32B0-40B9-97ED-EDD5CCC0DC20}.Debug|Any CPU.ActiveCfg = Debug|Any CPU
		{8247FDF5-32B0-40B9-97ED-EDD5CCC0DC20}.Debug|Any CPU.Build.0 = Debug|Any CPU
		{8247FDF5-32B0-40B9-97ED-EDD5CCC0DC20}.Release|Any CPU.ActiveCfg = Release|Any CPU
		{8247FDF5-32B0-40B9-97ED-EDD5CCC0DC20}.Release|Any CPU.Build.0 = Release|Any CPU
	EndGlobalSection
	GlobalSection(SolutionProperties) = preSolution
		HideSolutionNode = FALSE
	EndGlobalSection
	GlobalSection(NestedProjects) = preSolution
		{23EA7FDC-3F86-4419-A3EB-E1F690D604D5} = {6D887B82-94A8-4247-9C31-A622489E7794}
		{694F6C80-6A14-4867-8173-BCDD314647DE} = {6D887B82-94A8-4247-9C31-A622489E7794}
		{F8B402BC-1954-429C-9276-B609B4425562} = {694F6C80-6A14-4867-8173-BCDD314647DE}
		{B6261011-B3D0-4F0E-9549-D8F62A0AD5D4} = {694F6C80-6A14-4867-8173-BCDD314647DE}
		{41789672-3A47-432E-9AAC-13FB88BCFD1D} = {694F6C80-6A14-4867-8173-BCDD314647DE}
		{4F9C83B9-0653-4AD0-A6A1-9351287DD59A} = {6D887B82-94A8-4247-9C31-A622489E7794}
		{25045088-B25D-4895-860A-A5D33AEB6711} = {4F9C83B9-0653-4AD0-A6A1-9351287DD59A}
		{E31F7D38-6733-4617-8D38-8813DDE4DFC4} = {4F9C83B9-0653-4AD0-A6A1-9351287DD59A}
		{8247FDF5-32B0-40B9-97ED-EDD5CCC0DC20} = {694F6C80-6A14-4867-8173-BCDD314647DE}
	EndGlobalSection
	GlobalSection(ExtensibilityGlobals) = postSolution
		SolutionGuid = {17D4D1C2-3D92-4A20-AD61-733F11FE1774}
	EndGlobalSection
EndGlobal
